
Microsoft Visual Studio Solution File, Format Version 12.00
# Visual Studio Version 17
VisualStudioVersion = 17.11.35327.3
MinimumVisualStudioVersion = 10.0.40219.1
Project("{8BC9CEB8-8B4A-11D0-8D11-00A0C91BC942}") = "str_lab3", "str_lab3\str_lab3.vcxproj", "{62CAFCFF-44EF-46F6-AF00-9D7EB4946C7A}"
EndProject
Global
	GlobalSection(SolutionConfigurationPlatforms) = preSolution
		Debug|ARM64 = Debug|ARM64
		Debug|x64 = Debug|x64
		Debug|x86 = Debug|x86
		Release|ARM64 = Release|ARM64
		Release|x64 = Release|x64
		Release|x86 = Release|x86
	EndGlobalSection
	GlobalSection(ProjectConfigurationPlatforms) = postSolution
		{62CAFCFF-44EF-46F6-AF00-9D7EB4946C7A}.Debug|ARM64.ActiveCfg = Debug|ARM64
		{62CAFCFF-44EF-46F6-AF00-9D7EB4946C7A}.Debug|ARM64.Build.0 = Debug|ARM64
		{62CAFCFF-44EF-46F6-AF00-9D7EB4946C7A}.Debug|x64.ActiveCfg = Debug|x64
		{62CAFCFF-44EF-46F6-AF00-9D7EB4946C7A}.Debug|x64.Build.0 = Debug|x64
		{62CAFCFF-44EF-46F6-AF00-9D7EB4946C7A}.Debug|x86.ActiveCfg = Debug|Win32
		{62CAFCFF-44EF-46F6-AF00-9D7EB4946C7A}.Debug|x86.Build.0 = Debug|Win32
		{62CAFCFF-44EF-46F6-AF00-9D7EB4946C7A}.Release|ARM64.ActiveCfg = Release|ARM64
		{62CAFCFF-44EF-46F6-AF00-9D7EB4946C7A}.Release|ARM64.Build.0 = Release|ARM64
		{62CAFCFF-44EF-46F6-AF00-9D7EB4946C7A}.Release|x64.ActiveCfg = Release|x64
		{62CAFCFF-44EF-46F6-AF00-9D7EB4946C7A}.Release|x64.Build.0 = Release|x64
		{62CAFCFF-44EF-46F6-AF00-9D7EB4946C7A}.Release|x86.ActiveCfg = Release|Win32
		{62CAFCFF-44EF-46F6-AF00-9D7EB4946C7A}.Release|x86.Build.0 = Release|Win32
	EndGlobalSection
	GlobalSection(SolutionProperties) = preSolution
		HideSolutionNode = FALSE
	EndGlobalSection
	GlobalSection(ExtensibilityGlobals) = postSolution
		SolutionGuid = {3EE6B794-ABE7-4254-942F-E6C965E38AD3}
	EndGlobalSection
EndGlobal
